
Microsoft Visual Studio Solution File, Format Version 12.00
# Visual Studio Version 16
VisualStudioVersion = 16.0.31424.327
MinimumVisualStudioVersion = 10.0.40219.1
Project("{FAE04EC0-301F-11D3-BF4B-00C04F79EFBC}") = "GaussianElimination", "GaussianElimination\GaussianElimination.csproj", "{862F7614-200A-4544-8F4D-D10B70C2CD6D}"
EndProject
Global
	GlobalSection(SolutionConfigurationPlatforms) = preSolution
		Debug|Any CPU = Debug|Any CPU
		Release|Any CPU = Release|Any CPU
	EndGlobalSection
	GlobalSection(ProjectConfigurationPlatforms) = postSolution
		{862F7614-200A-4544-8F4D-D10B70C2CD6D}.Debug|Any CPU.ActiveCfg = Debug|Any CPU
		{862F7614-200A-4544-8F4D-D10B70C2CD6D}.Debug|Any CPU.Build.0 = Debug|Any CPU
		{862F7614-200A-4544-8F4D-D10B70C2CD6D}.Release|Any CPU.ActiveCfg = Release|Any CPU
		{862F7614-200A-4544-8F4D-D10B70C2CD6D}.Release|Any CPU.Build.0 = Release|Any CPU
	EndGlobalSection
	GlobalSection(SolutionProperties) = preSolution
		HideSolutionNode = FALSE
	EndGlobalSection
	GlobalSection(ExtensibilityGlobals) = postSolution
		SolutionGuid = {9ECFFD7E-88EB-4E80-BBE4-69B5E2188C90}
	EndGlobalSection
EndGlobal
